// !$*UTF8*$!
{
	archiveVersion = 1;
	classes = {
	};
	objectVersion = 46;
	objects = {

/* Begin PBXBuildFile section */
		C4713CC41889F5CF00398EEA /* driver.jpg in Resources */ = {isa = PBXBuildFile; fileRef = C4713CC11889F5CF00398EEA /* driver.jpg */; };
		C4713CC51889F5CF00398EEA /* Iron.jpg in Resources */ = {isa = PBXBuildFile; fileRef = C4713CC21889F5CF00398EEA /* Iron.jpg */; };
		C4713CC61889F5CF00398EEA /* wedge.jpg in Resources */ = {isa = PBXBuildFile; fileRef = C4713CC31889F5CF00398EEA /* wedge.jpg */; };
		C4DBF4731888B628007B2932 /* Foundation.framework in Frameworks */ = {isa = PBXBuildFile; fileRef = C4DBF4721888B628007B2932 /* Foundation.framework */; };
		C4DBF4751888B628007B2932 /* CoreGraphics.framework in Frameworks */ = {isa = PBXBuildFile; fileRef = C4DBF4741888B628007B2932 /* CoreGraphics.framework */; };
		C4DBF4771888B628007B2932 /* UIKit.framework in Frameworks */ = {isa = PBXBuildFile; fileRef = C4DBF4761888B628007B2932 /* UIKit.framework */; };
		C4DBF47D1888B628007B2932 /* InfoPlist.strings in Resources */ = {isa = PBXBuildFile; fileRef = C4DBF47B1888B628007B2932 /* InfoPlist.strings */; };
		C4DBF47F1888B628007B2932 /* main.m in Sources */ = {isa = PBXBuildFile; fileRef = C4DBF47E1888B628007B2932 /* main.m */; };
		C4DBF4831888B628007B2932 /* AppDelegate.m in Sources */ = {isa = PBXBuildFile; fileRef = C4DBF4821888B628007B2932 /* AppDelegate.m */; };
		C4DBF4861888B628007B2932 /* Main.storyboard in Resources */ = {isa = PBXBuildFile; fileRef = C4DBF4841888B628007B2932 /* Main.storyboard */; };
		C4DBF4891888B628007B2932 /* ViewController.m in Sources */ = {isa = PBXBuildFile; fileRef = C4DBF4881888B628007B2932 /* ViewController.m */; };
		C4DBF48B1888B628007B2932 /* Images.xcassets in Resources */ = {isa = PBXBuildFile; fileRef = C4DBF48A1888B628007B2932 /* Images.xcassets */; };
		C4DBF4921888B628007B2932 /* XCTest.framework in Frameworks */ = {isa = PBXBuildFile; fileRef = C4DBF4911888B628007B2932 /* XCTest.framework */; };
		C4DBF4931888B628007B2932 /* Foundation.framework in Frameworks */ = {isa = PBXBuildFile; fileRef = C4DBF4721888B628007B2932 /* Foundation.framework */; };
		C4DBF4941888B628007B2932 /* UIKit.framework in Frameworks */ = {isa = PBXBuildFile; fileRef = C4DBF4761888B628007B2932 /* UIKit.framework */; };
		C4DBF49C1888B628007B2932 /* InfoPlist.strings in Resources */ = {isa = PBXBuildFile; fileRef = C4DBF49A1888B628007B2932 /* InfoPlist.strings */; };
		C4DBF49E1888B628007B2932 /* GolfSwingTests.m in Sources */ = {isa = PBXBuildFile; fileRef = C4DBF49D1888B628007B2932 /* GolfSwingTests.m */; };
		C4DBF4A91888B7D8007B2932 /* SwingBase.m in Sources */ = {isa = PBXBuildFile; fileRef = C4DBF4A81888B7D8007B2932 /* SwingBase.m */; };
		C4DBF4AC1888B84E007B2932 /* WedgeSwing.m in Sources */ = {isa = PBXBuildFile; fileRef = C4DBF4AB1888B84E007B2932 /* WedgeSwing.m */; };
		C4DBF4AF1888B927007B2932 /* IronSwing.m in Sources */ = {isa = PBXBuildFile; fileRef = C4DBF4AE1888B927007B2932 /* IronSwing.m */; };
		C4DBF4B21888B939007B2932 /* DriverSwing.m in Sources */ = {isa = PBXBuildFile; fileRef = C4DBF4B11888B939007B2932 /* DriverSwing.m */; };
		C4DBF4B51888B94C007B2932 /* SwingFactory.m in Sources */ = {isa = PBXBuildFile; fileRef = C4DBF4B41888B94C007B2932 /* SwingFactory.m */; };
/* End PBXBuildFile section */

/* Begin PBXContainerItemProxy section */
		C4DBF4951888B628007B2932 /* PBXContainerItemProxy */ = {
			isa = PBXContainerItemProxy;
			containerPortal = C4DBF4671888B628007B2932 /* Project object */;
			proxyType = 1;
			remoteGlobalIDString = C4DBF46E1888B628007B2932;
			remoteInfo = GolfSwing;
		};
/* End PBXContainerItemProxy section */

/* Begin PBXFileReference section */
		C4713CC11889F5CF00398EEA /* driver.jpg */ = {isa = PBXFileReference; lastKnownFileType = image.jpeg; path = driver.jpg; sourceTree = "<group>"; };
		C4713CC21889F5CF00398EEA /* Iron.jpg */ = {isa = PBXFileReference; lastKnownFileType = image.jpeg; path = Iron.jpg; sourceTree = "<group>"; };
		C4713CC31889F5CF00398EEA /* wedge.jpg */ = {isa = PBXFileReference; lastKnownFileType = image.jpeg; path = wedge.jpg; sourceTree = "<group>"; };
		C4DBF46F1888B628007B2932 /* GolfSwing.app */ = {isa = PBXFileReference; explicitFileType = wrapper.application; includeInIndex = 0; path = GolfSwing.app; sourceTree = BUILT_PRODUCTS_DIR; };
		C4DBF4721888B628007B2932 /* Foundation.framework */ = {isa = PBXFileReference; lastKnownFileType = wrapper.framework; name = Foundation.framework; path = System/Library/Frameworks/Foundation.framework; sourceTree = SDKROOT; };
		C4DBF4741888B628007B2932 /* CoreGraphics.framework */ = {isa = PBXFileReference; lastKnownFileType = wrapper.framework; name = CoreGraphics.framework; path = System/Library/Frameworks/CoreGraphics.framework; sourceTree = SDKROOT; };
		C4DBF4761888B628007B2932 /* UIKit.framework */ = {isa = PBXFileReference; lastKnownFileType = wrapper.framework; name = UIKit.framework; path = System/Library/Frameworks/UIKit.framework; sourceTree = SDKROOT; };
		C4DBF47A1888B628007B2932 /* GolfSwing-Info.plist */ = {isa = PBXFileReference; lastKnownFileType = text.plist.xml; path = "GolfSwing-Info.plist"; sourceTree = "<group>"; };
		C4DBF47C1888B628007B2932 /* en */ = {isa = PBXFileReference; lastKnownFileType = text.plist.strings; name = en; path = en.lproj/InfoPlist.strings; sourceTree = "<group>"; };
		C4DBF47E1888B628007B2932 /* main.m */ = {isa = PBXFileReference; lastKnownFileType = sourcecode.c.objc; path = main.m; sourceTree = "<group>"; };
		C4DBF4801888B628007B2932 /* GolfSwing-Prefix.pch */ = {isa = PBXFileReference; lastKnownFileType = sourcecode.c.h; path = "GolfSwing-Prefix.pch"; sourceTree = "<group>"; };
		C4DBF4811888B628007B2932 /* AppDelegate.h */ = {isa = PBXFileReference; lastKnownFileType = sourcecode.c.h; path = AppDelegate.h; sourceTree = "<group>"; };
		C4DBF4821888B628007B2932 /* AppDelegate.m */ = {isa = PBXFileReference; lastKnownFileType = sourcecode.c.objc; path = AppDelegate.m; sourceTree = "<group>"; };
		C4DBF4851888B628007B2932 /* Base */ = {isa = PBXFileReference; lastKnownFileType = file.storyboard; name = Base; path = Base.lproj/Main.storyboard; sourceTree = "<group>"; };
		C4DBF4871888B628007B2932 /* ViewController.h */ = {isa = PBXFileReference; lastKnownFileType = sourcecode.c.h; path = ViewController.h; sourceTree = "<group>"; };
		C4DBF4881888B628007B2932 /* ViewController.m */ = {isa = PBXFileReference; lastKnownFileType = sourcecode.c.objc; path = ViewController.m; sourceTree = "<group>"; };
		C4DBF48A1888B628007B2932 /* Images.xcassets */ = {isa = PBXFileReference; lastKnownFileType = folder.assetcatalog; path = Images.xcassets; sourceTree = "<group>"; };
		C4DBF4901888B628007B2932 /* GolfSwingTests.xctest */ = {isa = PBXFileReference; explicitFileType = wrapper.cfbundle; includeInIndex = 0; path = GolfSwingTests.xctest; sourceTree = BUILT_PRODUCTS_DIR; };
		C4DBF4911888B628007B2932 /* XCTest.framework */ = {isa = PBXFileReference; lastKnownFileType = wrapper.framework; name = XCTest.framework; path = Library/Frameworks/XCTest.framework; sourceTree = DEVELOPER_DIR; };
		C4DBF4991888B628007B2932 /* GolfSwingTests-Info.plist */ = {isa = PBXFileReference; lastKnownFileType = text.plist.xml; path = "GolfSwingTests-Info.plist"; sourceTree = "<group>"; };
		C4DBF49B1888B628007B2932 /* en */ = {isa = PBXFileReference; lastKnownFileType = text.plist.strings; name = en; path = en.lproj/InfoPlist.strings; sourceTree = "<group>"; };
		C4DBF49D1888B628007B2932 /* GolfSwingTests.m */ = {isa = PBXFileReference; lastKnownFileType = sourcecode.c.objc; path = GolfSwingTests.m; sourceTree = "<group>"; };
		C4DBF4A71888B7D8007B2932 /* SwingBase.h */ = {isa = PBXFileReference; fileEncoding = 4; lastKnownFileType = sourcecode.c.h; path = SwingBase.h; sourceTree = "<group>"; };
		C4DBF4A81888B7D8007B2932 /* SwingBase.m */ = {isa = PBXFileReference; fileEncoding = 4; lastKnownFileType = sourcecode.c.objc; path = SwingBase.m; sourceTree = "<group>"; };
		C4DBF4AA1888B84E007B2932 /* WedgeSwing.h */ = {isa = PBXFileReference; fileEncoding = 4; lastKnownFileType = sourcecode.c.h; path = WedgeSwing.h; sourceTree = "<group>"; };
		C4DBF4AB1888B84E007B2932 /* WedgeSwing.m */ = {isa = PBXFileReference; fileEncoding = 4; lastKnownFileType = sourcecode.c.objc; path = WedgeSwing.m; sourceTree = "<group>"; };
		C4DBF4AD1888B927007B2932 /* IronSwing.h */ = {isa = PBXFileReference; fileEncoding = 4; lastKnownFileType = sourcecode.c.h; path = IronSwing.h; sourceTree = "<group>"; };
		C4DBF4AE1888B927007B2932 /* IronSwing.m */ = {isa = PBXFileReference; fileEncoding = 4; lastKnownFileType = sourcecode.c.objc; path = IronSwing.m; sourceTree = "<group>"; };
		C4DBF4B01888B939007B2932 /* DriverSwing.h */ = {isa = PBXFileReference; fileEncoding = 4; lastKnownFileType = sourcecode.c.h; path = DriverSwing.h; sourceTree = "<group>"; };
		C4DBF4B11888B939007B2932 /* DriverSwing.m */ = {isa = PBXFileReference; fileEncoding = 4; lastKnownFileType = sourcecode.c.objc; path = DriverSwing.m; sourceTree = "<group>"; };
		C4DBF4B31888B94C007B2932 /* SwingFactory.h */ = {isa = PBXFileReference; fileEncoding = 4; lastKnownFileType = sourcecode.c.h; path = SwingFactory.h; sourceTree = "<group>"; };
		C4DBF4B41888B94C007B2932 /* SwingFactory.m */ = {isa = PBXFileReference; fileEncoding = 4; lastKnownFileType = sourcecode.c.objc; path = SwingFactory.m; sourceTree = "<group>"; };
/* End PBXFileReference section */

/* Begin PBXFrameworksBuildPhase section */
		C4DBF46C1888B628007B2932 /* Frameworks */ = {
			isa = PBXFrameworksBuildPhase;
			buildActionMask = 2147483647;
			files = (
				C4DBF4751888B628007B2932 /* CoreGraphics.framework in Frameworks */,
				C4DBF4771888B628007B2932 /* UIKit.framework in Frameworks */,
				C4DBF4731888B628007B2932 /* Foundation.framework in Frameworks */,
			);
			runOnlyForDeploymentPostprocessing = 0;
		};
		C4DBF48D1888B628007B2932 /* Frameworks */ = {
			isa = PBXFrameworksBuildPhase;
			buildActionMask = 2147483647;
			files = (
				C4DBF4921888B628007B2932 /* XCTest.framework in Frameworks */,
				C4DBF4941888B628007B2932 /* UIKit.framework in Frameworks */,
				C4DBF4931888B628007B2932 /* Foundation.framework in Frameworks */,
			);
			runOnlyForDeploymentPostprocessing = 0;
		};
/* End PBXFrameworksBuildPhase section */

/* Begin PBXGroup section */
		C4DBF4661888B628007B2932 = {
			isa = PBXGroup;
			children = (
				C4DBF4781888B628007B2932 /* GolfSwing */,
				C4DBF4971888B628007B2932 /* GolfSwingTests */,
				C4DBF4711888B628007B2932 /* Frameworks */,
				C4DBF4701888B628007B2932 /* Products */,
			);
			sourceTree = "<group>";
		};
		C4DBF4701888B628007B2932 /* Products */ = {
			isa = PBXGroup;
			children = (
				C4DBF46F1888B628007B2932 /* GolfSwing.app */,
				C4DBF4901888B628007B2932 /* GolfSwingTests.xctest */,
			);
			name = Products;
			sourceTree = "<group>";
		};
		C4DBF4711888B628007B2932 /* Frameworks */ = {
			isa = PBXGroup;
			children = (
				C4DBF4721888B628007B2932 /* Foundation.framework */,
				C4DBF4741888B628007B2932 /* CoreGraphics.framework */,
				C4DBF4761888B628007B2932 /* UIKit.framework */,
				C4DBF4911888B628007B2932 /* XCTest.framework */,
			);
			name = Frameworks;
			sourceTree = "<group>";
		};
		C4DBF4781888B628007B2932 /* GolfSwing */ = {
			isa = PBXGroup;
			children = (
				C4713CC11889F5CF00398EEA /* driver.jpg */,
				C4713CC21889F5CF00398EEA /* Iron.jpg */,
				C4713CC31889F5CF00398EEA /* wedge.jpg */,
				C4DBF4811888B628007B2932 /* AppDelegate.h */,
				C4DBF4821888B628007B2932 /* AppDelegate.m */,
				C4DBF4841888B628007B2932 /* Main.storyboard */,
				C4DBF4871888B628007B2932 /* ViewController.h */,
				C4DBF4881888B628007B2932 /* ViewController.m */,
				C4DBF48A1888B628007B2932 /* Images.xcassets */,
				C4DBF4791888B628007B2932 /* Supporting Files */,
				C4DBF4A71888B7D8007B2932 /* SwingBase.h */,
				C4DBF4A81888B7D8007B2932 /* SwingBase.m */,
				C4DBF4AA1888B84E007B2932 /* WedgeSwing.h */,
				C4DBF4AB1888B84E007B2932 /* WedgeSwing.m */,
				C4DBF4AD1888B927007B2932 /* IronSwing.h */,
				C4DBF4AE1888B927007B2932 /* IronSwing.m */,
				C4DBF4B01888B939007B2932 /* DriverSwing.h */,
				C4DBF4B11888B939007B2932 /* DriverSwing.m */,
				C4DBF4B31888B94C007B2932 /* SwingFactory.h */,
				C4DBF4B41888B94C007B2932 /* SwingFactory.m */,
			);
			path = GolfSwing;
			sourceTree = "<group>";
		};
		C4DBF4791888B628007B2932 /* Supporting Files */ = {
			isa = PBXGroup;
			children = (
				C4DBF47A1888B628007B2932 /* GolfSwing-Info.plist */,
				C4DBF47B1888B628007B2932 /* InfoPlist.strings */,
				C4DBF47E1888B628007B2932 /* main.m */,
				C4DBF4801888B628007B2932 /* GolfSwing-Prefix.pch */,
			);
			name = "Supporting Files";
			sourceTree = "<group>";
		};
		C4DBF4971888B628007B2932 /* GolfSwingTests */ = {
			isa = PBXGroup;
			children = (
				C4DBF49D1888B628007B2932 /* GolfSwingTests.m */,
				C4DBF4981888B628007B2932 /* Supporting Files */,
			);
			path = GolfSwingTests;
			sourceTree = "<group>";
		};
		C4DBF4981888B628007B2932 /* Supporting Files */ = {
			isa = PBXGroup;
			children = (
				C4DBF4991888B628007B2932 /* GolfSwingTests-Info.plist */,
				C4DBF49A1888B628007B2932 /* InfoPlist.strings */,
			);
			name = "Supporting Files";
			sourceTree = "<group>";
		};
/* End PBXGroup section */

/* Begin PBXNativeTarget section */
		C4DBF46E1888B628007B2932 /* GolfSwing */ = {
			isa = PBXNativeTarget;
			buildConfigurationList = C4DBF4A11888B628007B2932 /* Build configuration list for PBXNativeTarget "GolfSwing" */;
			buildPhases = (
				C4DBF46B1888B628007B2932 /* Sources */,
				C4DBF46C1888B628007B2932 /* Frameworks */,
				C4DBF46D1888B628007B2932 /* Resources */,
			);
			buildRules = (
			);
			dependencies = (
			);
			name = GolfSwing;
			productName = GolfSwing;
			productReference = C4DBF46F1888B628007B2932 /* GolfSwing.app */;
			productType = "com.apple.product-type.application";
		};
		C4DBF48F1888B628007B2932 /* GolfSwingTests */ = {
			isa = PBXNativeTarget;
			buildConfigurationList = C4DBF4A41888B628007B2932 /* Build configuration list for PBXNativeTarget "GolfSwingTests" */;
			buildPhases = (
				C4DBF48C1888B628007B2932 /* Sources */,
				C4DBF48D1888B628007B2932 /* Frameworks */,
				C4DBF48E1888B628007B2932 /* Resources */,
			);
			buildRules = (
			);
			dependencies = (
				C4DBF4961888B628007B2932 /* PBXTargetDependency */,
			);
			name = GolfSwingTests;
			productName = GolfSwingTests;
			productReference = C4DBF4901888B628007B2932 /* GolfSwingTests.xctest */;
			productType = "com.apple.product-type.bundle.unit-test";
		};
/* End PBXNativeTarget section */

/* Begin PBXProject section */
		C4DBF4671888B628007B2932 /* Project object */ = {
			isa = PBXProject;
			attributes = {
				LastUpgradeCheck = 0510;
				ORGANIZATIONNAME = "Steven Roseman";
				TargetAttributes = {
					C4DBF48F1888B628007B2932 = {
						TestTargetID = C4DBF46E1888B628007B2932;
					};
				};
			};
			buildConfigurationList = C4DBF46A1888B628007B2932 /* Build configuration list for PBXProject "GolfSwing" */;
			compatibilityVersion = "Xcode 3.2";
			developmentRegion = English;
			hasScannedForEncodings = 0;
			knownRegions = (
				en,
				Base,
			);
			mainGroup = C4DBF4661888B628007B2932;
			productRefGroup = C4DBF4701888B628007B2932 /* Products */;
			projectDirPath = "";
			projectRoot = "";
			targets = (
				C4DBF46E1888B628007B2932 /* GolfSwing */,
				C4DBF48F1888B628007B2932 /* GolfSwingTests */,
			);
		};
/* End PBXProject section */

/* Begin PBXResourcesBuildPhase section */
		C4DBF46D1888B628007B2932 /* Resources */ = {
			isa = PBXResourcesBuildPhase;
			buildActionMask = 2147483647;
			files = (
				C4DBF48B1888B628007B2932 /* Images.xcassets in Resources */,
				C4713CC41889F5CF00398EEA /* driver.jpg in Resources */,
				C4713CC61889F5CF00398EEA /* wedge.jpg in Resources */,
				C4713CC51889F5CF00398EEA /* Iron.jpg in Resources */,
				C4DBF47D1888B628007B2932 /* InfoPlist.strings in Resources */,
				C4DBF4861888B628007B2932 /* Main.storyboard in Resources */,
			);
			runOnlyForDeploymentPostprocessing = 0;
		};
		C4DBF48E1888B628007B2932 /* Resources */ = {
			isa = PBXResourcesBuildPhase;
			buildActionMask = 2147483647;
			files = (
				C4DBF49C1888B628007B2932 /* InfoPlist.strings in Resources */,
			);
			runOnlyForDeploymentPostprocessing = 0;
		};
/* End PBXResourcesBuildPhase section */

/* Begin PBXSourcesBuildPhase section */
		C4DBF46B1888B628007B2932 /* Sources */ = {
			isa = PBXSourcesBuildPhase;
			buildActionMask = 2147483647;
			files = (
				C4DBF4AF1888B927007B2932 /* IronSwing.m in Sources */,
				C4DBF4B51888B94C007B2932 /* SwingFactory.m in Sources */,
				C4DBF4891888B628007B2932 /* ViewController.m in Sources */,
				C4DBF4B21888B939007B2932 /* DriverSwing.m in Sources */,
				C4DBF4A91888B7D8007B2932 /* SwingBase.m in Sources */,
				C4DBF4831888B628007B2932 /* AppDelegate.m in Sources */,
				C4DBF4AC1888B84E007B2932 /* WedgeSwing.m in Sources */,
				C4DBF47F1888B628007B2932 /* main.m in Sources */,
			);
			runOnlyForDeploymentPostprocessing = 0;
		};
		C4DBF48C1888B628007B2932 /* Sources */ = {
			isa = PBXSourcesBuildPhase;
			buildActionMask = 2147483647;
			files = (
				C4DBF49E1888B628007B2932 /* GolfSwingTests.m in Sources */,
			);
			runOnlyForDeploymentPostprocessing = 0;
		};
/* End PBXSourcesBuildPhase section */

/* Begin PBXTargetDependency section */
		C4DBF4961888B628007B2932 /* PBXTargetDependency */ = {
			isa = PBXTargetDependency;
			target = C4DBF46E1888B628007B2932 /* GolfSwing */;
			targetProxy = C4DBF4951888B628007B2932 /* PBXContainerItemProxy */;
		};
/* End PBXTargetDependency section */

/* Begin PBXVariantGroup section */
		C4DBF47B1888B628007B2932 /* InfoPlist.strings */ = {
			isa = PBXVariantGroup;
			children = (
				C4DBF47C1888B628007B2932 /* en */,
			);
			name = InfoPlist.strings;
			sourceTree = "<group>";
		};
		C4DBF4841888B628007B2932 /* Main.storyboard */ = {
			isa = PBXVariantGroup;
			children = (
				C4DBF4851888B628007B2932 /* Base */,
			);
			name = Main.storyboard;
			sourceTree = "<group>";
		};
		C4DBF49A1888B628007B2932 /* InfoPlist.strings */ = {
			isa = PBXVariantGroup;
			children = (
				C4DBF49B1888B628007B2932 /* en */,
			);
			name = InfoPlist.strings;
			sourceTree = "<group>";
		};
/* End PBXVariantGroup section */

/* Begin XCBuildConfiguration section */
		C4DBF49F1888B628007B2932 /* Debug */ = {
			isa = XCBuildConfiguration;
			buildSettings = {
				ALWAYS_SEARCH_USER_PATHS = NO;
				CLANG_CXX_LANGUAGE_STANDARD = "gnu++0x";
				CLANG_CXX_LIBRARY = "libc++";
				CLANG_ENABLE_MODULES = YES;
				CLANG_ENABLE_OBJC_ARC = YES;
				CLANG_WARN_BOOL_CONVERSION = YES;
				CLANG_WARN_CONSTANT_CONVERSION = YES;
				CLANG_WARN_DIRECT_OBJC_ISA_USAGE = YES_ERROR;
				CLANG_WARN_EMPTY_BODY = YES;
				CLANG_WARN_ENUM_CONVERSION = YES;
				CLANG_WARN_INT_CONVERSION = YES;
				CLANG_WARN_OBJC_ROOT_CLASS = YES_ERROR;
				CLANG_WARN__DUPLICATE_METHOD_MATCH = YES;
				"CODE_SIGN_IDENTITY[sdk=iphoneos*]" = "iPhone Developer";
				COPY_PHASE_STRIP = NO;
				GCC_C_LANGUAGE_STANDARD = gnu99;
				GCC_DYNAMIC_NO_PIC = NO;
				GCC_OPTIMIZATION_LEVEL = 0;
				GCC_PREPROCESSOR_DEFINITIONS = (
					"DEBUG=1",
					"$(inherited)",
				);
				GCC_SYMBOLS_PRIVATE_EXTERN = NO;
				GCC_WARN_64_TO_32_BIT_CONVERSION = YES;
				GCC_WARN_ABOUT_RETURN_TYPE = YES_ERROR;
				GCC_WARN_UNDECLARED_SELECTOR = YES;
				GCC_WARN_UNINITIALIZED_AUTOS = YES;
				GCC_WARN_UNUSED_FUNCTION = YES;
				GCC_WARN_UNUSED_VARIABLE = YES;
				IPHONEOS_DEPLOYMENT_TARGET = 7.0;
				ONLY_ACTIVE_ARCH = YES;
				SDKROOT = iphoneos;
			};
			name = Debug;
		};
		C4DBF4A01888B628007B2932 /* Release */ = {
			isa = XCBuildConfiguration;
			buildSettings = {
				ALWAYS_SEARCH_USER_PATHS = NO;
				CLANG_CXX_LANGUAGE_STANDARD = "gnu++0x";
				CLANG_CXX_LIBRARY = "libc++";
				CLANG_ENABLE_MODULES = YES;
				CLANG_ENABLE_OBJC_ARC = YES;
				CLANG_WARN_BOOL_CONVERSION = YES;
				CLANG_WARN_CONSTANT_CONVERSION = YES;
				CLANG_WARN_DIRECT_OBJC_ISA_USAGE = YES_ERROR;
				CLANG_WARN_EMPTY_BODY = YES;
				CLANG_WARN_ENUM_CONVERSION = YES;
				CLANG_WARN_INT_CONVERSION = YES;
				CLANG_WARN_OBJC_ROOT_CLASS = YES_ERROR;
				CLANG_WARN__DUPLICATE_METHOD_MATCH = YES;
				"CODE_SIGN_IDENTITY[sdk=iphoneos*]" = "iPhone Developer";
				COPY_PHASE_STRIP = YES;
				ENABLE_NS_ASSERTIONS = NO;
				GCC_C_LANGUAGE_STANDARD = gnu99;
				GCC_WARN_64_TO_32_BIT_CONVERSION = YES;
				GCC_WARN_ABOUT_RETURN_TYPE = YES_ERROR;
				GCC_WARN_UNDECLARED_SELECTOR = YES;
				GCC_WARN_UNINITIALIZED_AUTOS = YES;
				GCC_WARN_UNUSED_FUNCTION = YES;
				GCC_WARN_UNUSED_VARIABLE = YES;
				IPHONEOS_DEPLOYMENT_TARGET = 7.0;
				SDKROOT = iphoneos;
				VALIDATE_PRODUCT = YES;
			};
			name = Release;
		};
		C4DBF4A21888B628007B2932 /* Debug */ = {
			isa = XCBuildConfiguration;
			buildSettings = {
				ASSETCATALOG_COMPILER_APPICON_NAME = AppIcon;
				ASSETCATALOG_COMPILER_LAUNCHIMAGE_NAME = LaunchImage;
				GCC_PRECOMPILE_PREFIX_HEADER = YES;
				GCC_PREFIX_HEADER = "GolfSwing/GolfSwing-Prefix.pch";
				INFOPLIST_FILE = "GolfSwing/GolfSwing-Info.plist";
				PRODUCT_NAME = "$(TARGET_NAME)";
				WRAPPER_EXTENSION = app;
			};
			name = Debug;
		};
		C4DBF4A31888B628007B2932 /* Release */ = {
			isa = XCBuildConfiguration;
			buildSettings = {
				ASSETCATALOG_COMPILER_APPICON_NAME = AppIcon;
				ASSETCATALOG_COMPILER_LAUNCHIMAGE_NAME = LaunchImage;
				GCC_PRECOMPILE_PREFIX_HEADER = YES;
				GCC_PREFIX_HEADER = "GolfSwing/GolfSwing-Prefix.pch";
				INFOPLIST_FILE = "GolfSwing/GolfSwing-Info.plist";
				PRODUCT_NAME = "$(TARGET_NAME)";
				WRAPPER_EXTENSION = app;
			};
			name = Release;
		};
		C4DBF4A51888B628007B2932 /* Debug */ = {
			isa = XCBuildConfiguration;
			buildSettings = {
				BUNDLE_LOADER = "$(BUILT_PRODUCTS_DIR)/GolfSwing.app/GolfSwing";
				FRAMEWORK_SEARCH_PATHS = (
					"$(SDKROOT)/Developer/Library/Frameworks",
					"$(inherited)",
					"$(DEVELOPER_FRAMEWORKS_DIR)",
				);
				GCC_PRECOMPILE_PREFIX_HEADER = YES;
				GCC_PREFIX_HEADER = "GolfSwing/GolfSwing-Prefix.pch";
				GCC_PREPROCESSOR_DEFINITIONS = (
					"DEBUG=1",
					"$(inherited)",
				);
				INFOPLIST_FILE = "GolfSwingTests/GolfSwingTests-Info.plist";
				PRODUCT_NAME = "$(TARGET_NAME)";
				TEST_HOST = "$(BUNDLE_LOADER)";
				WRAPPER_EXTENSION = xctest;
			};
			name = Debug;
		};
		C4DBF4A61888B628007B2932 /* Release */ = {
			isa = XCBuildConfiguration;
			buildSettings = {
				BUNDLE_LOADER = "$(BUILT_PRODUCTS_DIR)/GolfSwing.app/GolfSwing";
				FRAMEWORK_SEARCH_PATHS = (
					"$(SDKROOT)/Developer/Library/Frameworks",
					"$(inherited)",
					"$(DEVELOPER_FRAMEWORKS_DIR)",
				);
				GCC_PRECOMPILE_PREFIX_HEADER = YES;
				GCC_PREFIX_HEADER = "GolfSwing/GolfSwing-Prefix.pch";
				INFOPLIST_FILE = "GolfSwingTests/GolfSwingTests-Info.plist";
				PRODUCT_NAME = "$(TARGET_NAME)";
				TEST_HOST = "$(BUNDLE_LOADER)";
				WRAPPER_EXTENSION = xctest;
			};
			name = Release;
		};
/* End XCBuildConfiguration section */

/* Begin XCConfigurationList section */
		C4DBF46A1888B628007B2932 /* Build configuration list for PBXProject "GolfSwing" */ = {
			isa = XCConfigurationList;
			buildConfigurations = (
				C4DBF49F1888B628007B2932 /* Debug */,
				C4DBF4A01888B628007B2932 /* Release */,
			);
			defaultConfigurationIsVisible = 0;
			defaultConfigurationName = Release;
		};
		C4DBF4A11888B628007B2932 /* Build configuration list for PBXNativeTarget "GolfSwing" */ = {
			isa = XCConfigurationList;
			buildConfigurations = (
				C4DBF4A21888B628007B2932 /* Debug */,
				C4DBF4A31888B628007B2932 /* Release */,
			);
			defaultConfigurationIsVisible = 0;
			defaultConfigurationName = Release;
		};
		C4DBF4A41888B628007B2932 /* Build configuration list for PBXNativeTarget "GolfSwingTests" */ = {
			isa = XCConfigurationList;
			buildConfigurations = (
				C4DBF4A51888B628007B2932 /* Debug */,
				C4DBF4A61888B628007B2932 /* Release */,
			);
			defaultConfigurationIsVisible = 0;
			defaultConfigurationName = Release;
		};
/* End XCConfigurationList section */
	};
	rootObject = C4DBF4671888B628007B2932 /* Project object */;
}
